
Microsoft Visual Studio Solution File, Format Version 12.00
# Visual Studio Version 17
VisualStudioVersion = 17.7.34018.315
MinimumVisualStudioVersion = 10.0.40219.1
Project("{FAE04EC0-301F-11D3-BF4B-00C04F79EFBC}") = "Order", "Order.csproj", "{0572DD5D-95F7-47DC-99D8-CE947A454C77}"
EndProject
Global
	GlobalSection(SolutionConfigurationPlatforms) = preSolution
		Debug|Any CPU = Debug|Any CPU
		Release|Any CPU = Release|Any CPU
	EndGlobalSection
	GlobalSection(ProjectConfigurationPlatforms) = postSolution
		{0572DD5D-95F7-47DC-99D8-CE947A454C77}.Debug|Any CPU.ActiveCfg = Debug|Any CPU
		{0572DD5D-95F7-47DC-99D8-CE947A454C77}.Debug|Any CPU.Build.0 = Debug|Any CPU
		{0572DD5D-95F7-47DC-99D8-CE947A454C77}.Release|Any CPU.ActiveCfg = Release|Any CPU
		{0572DD5D-95F7-47DC-99D8-CE947A454C77}.Release|Any CPU.Build.0 = Release|Any CPU
	EndGlobalSection
	GlobalSection(SolutionProperties) = preSolution
		HideSolutionNode = FALSE
	EndGlobalSection
	GlobalSection(ExtensibilityGlobals) = postSolution
		SolutionGuid = {4D415A70-63FB-4036-A25C-37348DD08EA7}
	EndGlobalSection
EndGlobal
